<?xml version="1.0" encoding="UTF-8" standalone="yes" ?>
<CodeBlocks_project_file>
	<FileVersion major="1" minor="6" />
	<Project>
		<Option title="sparrow3d" />
		<Option pch_mode="2" />
		<Option compiler="gcc" />
		<Build>
			<Target title="Sparrow (Win x86)">
				<Option output="bin/W32/libsparrow3d" prefix_auto="1" extension_auto="1" />
				<Option object_output="obj/W32/" />
				<Option type="3" />
				<Option compiler="gcc" />
				<Option createStaticLib="1" />
				<Option projectLinkerOptionsRelation="2" />
				<Compiler>
					<Add option="-O3" />
					<Add option="-DX86CPU" />
					<Add option="-DBUILDING_DLL" />
					<Add directory="$(#mingw.include)" />
					<Add directory="$(#mingw.include)/SDL" />
				</Compiler>
				<Linker>
					<Add option="-s" />
					<Add option="-lSDLmain" />
					<Add directory="$(#mingw.lib)" />
				</Linker>
			</Target>
			<Target title="Sparrow (Pandora)">
				<Option output="bin/Pandora/libsparrow3d.so" prefix_auto="1" extension_auto="0" />
				<Option object_output="obj/Pandora/" />
				<Option type="3" />
				<Option compiler="armelfgcc" />
				<Compiler>
					<Add option="-O3" />
					<Add option="-mfloat-abi=softfp" />
					<Add option="-mfpu=neon" />
					<Add option="-DMOBILE_DEVICE" />
					<Add option="-DARMCPU" />
					<Add option="-DPANDORA" />
					<Add directory="$(#pandora_sdk.include)" />
					<Add directory="$(#pandora_sdk.include)/SDL" />
				</Compiler>
				<Linker>
					<Add option="-s" />
					<Add option="-ldl" />
					<Add option="-lpthread" />
					<Add option="-lfreetype" />
					<Add option="-lpng" />
					<Add option="-lz" />
					<Add directory="$(#pandora_sdk.lib)" />
				</Linker>
			</Target>
			<Target title="Sound (Win x86)">
				<Option output="bin/W32/libsparrowSound" prefix_auto="1" extension_auto="1" />
				<Option object_output="obj/W32/" />
				<Option type="3" />
				<Option compiler="gcc" />
				<Option createStaticLib="1" />
				<Option projectLinkerOptionsRelation="2" />
				<Compiler>
					<Add option="-O3" />
					<Add option="-DX86CPU" />
					<Add option="-DBUILDING_DLL" />
					<Add directory="$(#mingw.include)" />
					<Add directory="$(#mingw.include)/SDL" />
				</Compiler>
				<Linker>
					<Add option="-s" />
					<Add option="-lSDLmain" />
					<Add option="-lSDL_mixer" />
					<Add directory="$(#mingw.lib)" />
				</Linker>
			</Target>
			<Target title="Sound (Pandora)">
				<Option output="bin/Pandora/libsparrowSound.so" prefix_auto="1" extension_auto="0" />
				<Option object_output="obj/Pandora/" />
				<Option type="3" />
				<Option compiler="armelfgcc" />
				<Compiler>
					<Add option="-mfpu=neon" />
					<Add option="-O3" />
					<Add option="-mfloat-abi=softfp" />
					<Add option="-DMOBILE_DEVICE" />
					<Add option="-DARMCPU" />
					<Add option="-DPANDORA" />
					<Add directory="$(#pandora_sdk.include)" />
					<Add directory="$(#pandora_sdk.include)/SDL" />
				</Compiler>
				<Linker>
					<Add option="-s" />
					<Add option="-lSDL_mixer" />
					<Add option="-ldl" />
					<Add option="-lpthread" />
					<Add option="-lfreetype" />
					<Add option="-lpng" />
					<Add option="-lz" />
					<Add directory="$(#pandora_sdk.lib)" />
				</Linker>
			</Target>
			<Target title="Net (Win x86)">
				<Option output="bin/W32/libsparrowNet" prefix_auto="1" extension_auto="1" />
				<Option object_output="obj/W32/" />
				<Option type="3" />
				<Option compiler="gcc" />
				<Option createStaticLib="1" />
				<Option projectLinkerOptionsRelation="2" />
				<Compiler>
					<Add option="-O3" />
					<Add option="-DX86CPU" />
					<Add option="-DBUILDING_DLL" />
					<Add directory="$(#mingw.include)" />
					<Add directory="$(#mingw.include)/SDL" />
				</Compiler>
				<Linker>
					<Add option="-s" />
					<Add option="-lSDLmain" />
					<Add option="-lSDL_net" />
					<Add directory="$(#mingw.lib)" />
				</Linker>
			</Target>
			<Target title="Net (Pandora)">
				<Option output="bin/Pandora/libsparrowNet.so" prefix_auto="1" extension_auto="0" />
				<Option object_output="obj/Pandora/" />
				<Option type="3" />
				<Option compiler="armelfgcc" />
				<Compiler>
					<Add option="-mfpu=neon" />
					<Add option="-O3" />
					<Add option="-mfloat-abi=softfp" />
					<Add option="-DMOBILE_DEVICE" />
					<Add option="-DARMCPU" />
					<Add option="-DPANDORA" />
					<Add directory="$(#pandora_sdk.include)" />
					<Add directory="$(#pandora_sdk.include)/SDL" />
				</Compiler>
				<Linker>
					<Add option="-s" />
					<Add option="-lSDL_net" />
					<Add option="-ldl" />
					<Add option="-lpthread" />
					<Add option="-lfreetype" />
					<Add option="-lpng" />
					<Add option="-lz" />
					<Add directory="$(#pandora_sdk.lib)" />
				</Linker>
			</Target>
			<Target title="Debug Library (Win x86)">
				<Option output="bin/W32/libsparrow3d" prefix_auto="1" extension_auto="1" />
				<Option object_output="obj/W32_DEBUG/" />
				<Option type="3" />
				<Option compiler="gcc" />
				<Option createStaticLib="1" />
				<Option projectLinkerOptionsRelation="2" />
				<Compiler>
					<Add option="-g" />
					<Add option="-DX86CPU" />
					<Add option="-DBUILDING_DLL" />
					<Add option="-DCORE_DEBUG" />
					<Add directory="$(#mingw.include)" />
					<Add directory="$(#mingw.include)/SDL" />
				</Compiler>
				<Linker>
					<Add option="-lSDLmain" />
					<Add option="-lSDL_mixer" />
					<Add option="-lSDL_net" />
					<Add directory="$(#mingw.lib)" />
				</Linker>
			</Target>
			<Target title="Debug Library (Pandora)">
				<Option output="bin/Pandora/libsparrow3d.so" prefix_auto="1" extension_auto="0" />
				<Option object_output="obj/Pandora_DEBUG/" />
				<Option type="3" />
				<Option compiler="armelfgcc" />
				<Compiler>
					<Add option="-mfpu=neon" />
					<Add option="-g" />
					<Add option="-mfloat-abi=softfp" />
					<Add option="-DMOBILE_DEVICE" />
					<Add option="-DARMCPU" />
					<Add option="-DPANDORA" />
					<Add option="-DCORE_DEBUG" />
					<Add directory="$(#pandora_sdk.include)" />
					<Add directory="$(#pandora_sdk.include)/SDL" />
				</Compiler>
				<Linker>
					<Add option="-lSDL_mixer" />
					<Add option="-lSDL_net" />
					<Add option="-ldl" />
					<Add option="-lpthread" />
					<Add option="-lfreetype" />
					<Add option="-lpng" />
					<Add option="-lz" />
					<Add directory="$(#pandora_sdk.lib)" />
				</Linker>
			</Target>
			<Target title="Testsparrow (Win x86)">
				<Option output="bin/W32/testsparrow" prefix_auto="1" extension_auto="1" />
				<Option object_output="obj/W32/" />
				<Option type="0" />
				<Option compiler="gcc" />
				<Option projectLinkerOptionsRelation="2" />
				<Compiler>
					<Add option="-DX86CPU" />
					<Add option="-DBUILDING_DLL" />
					<Add directory="$(#mingw.include)" />
					<Add directory="$(#mingw.include)/SDL" />
				</Compiler>
				<Linker>
					<Add option="-lmingw32" />
					<Add option="-lSDLmain" />
					<Add directory="$(#mingw.lib)" />
				</Linker>
			</Target>
			<Target title="Testsparrow (Pandora)">
				<Option output="bin/Pandora/testsparrow" prefix_auto="1" extension_auto="0" />
				<Option object_output="obj/Pandora/" />
				<Option type="0" />
				<Option compiler="armelfgcc" />
				<Compiler>
					<Add option="-mfpu=neon" />
					<Add option="-mfloat-abi=softfp" />
					<Add option="-DMOBILE_DEVICE" />
					<Add option="-DARMCPU" />
					<Add option="-DPANDORA" />
					<Add directory="$(#pandora_sdk.include)" />
					<Add directory="$(#pandora_sdk.include)/SDL" />
				</Compiler>
				<Linker>
					<Add option="-ldl" />
					<Add option="-lpthread" />
					<Add option="-lfreetype" />
					<Add option="-lpng" />
					<Add option="-lz" />
					<Add option="-lts" />
					<Add directory="$(#pandora_sdk.lib)" />
				</Linker>
			</Target>
			<Target title="Testfile (Win x86)">
				<Option output="bin/W32/testfile" prefix_auto="1" extension_auto="1" />
				<Option object_output="obj/W32/" />
				<Option type="1" />
				<Option compiler="gcc" />
				<Option projectLinkerOptionsRelation="2" />
				<Compiler>
					<Add option="-DX86CPU" />
					<Add option="-DBUILDING_DLL" />
					<Add directory="$(#mingw.include)" />
					<Add directory="$(#mingw.include)/SDL" />
				</Compiler>
				<Linker>
					<Add option="-lmingw32" />
					<Add option="-lSDLmain" />
					<Add directory="$(#mingw.lib)" />
				</Linker>
			</Target>
			<Target title="Testfile (Pandora)">
				<Option output="bin/Pandora/testfile.exe" prefix_auto="1" extension_auto="0" />
				<Option object_output="obj/Pandora/" />
				<Option type="1" />
				<Option compiler="armelfgcc" />
				<Compiler>
					<Add option="-mfpu=neon" />
					<Add option="-mfloat-abi=softfp" />
					<Add option="-DMOBILE_DEVICE" />
					<Add option="-DARMCPU" />
					<Add option="-DPANDORA" />
					<Add directory="$(#pandora_sdk.include)" />
					<Add directory="$(#pandora_sdk.include)/SDL" />
				</Compiler>
				<Linker>
					<Add option="-ldl" />
					<Add option="-lpthread" />
					<Add option="-lfreetype" />
					<Add option="-lpng" />
					<Add option="-lz" />
					<Add option="-lts" />
					<Add directory="$(#pandora_sdk.lib)" />
				</Linker>
			</Target>
			<Target title="Testnet (Win x86)">
				<Option output="bin/W32/testnet" prefix_auto="1" extension_auto="1" />
				<Option object_output="obj/W32/" />
				<Option type="0" />
				<Option compiler="gcc" />
				<Option projectLinkerOptionsRelation="2" />
				<Compiler>
					<Add option="-DX86CPU" />
					<Add option="-DBUILDING_DLL" />
					<Add directory="$(#mingw.include)" />
					<Add directory="$(#mingw.include)/SDL" />
				</Compiler>
				<Linker>
					<Add option="-lmingw32" />
					<Add option="-lSDLmain" />
					<Add option="-lSDL_net" />
					<Add directory="$(#mingw.lib)" />
				</Linker>
			</Target>
			<Target title="Testnet (Pandora)">
				<Option output="bin/Pandora/testnet" prefix_auto="1" extension_auto="0" />
				<Option object_output="obj/Pandora/" />
				<Option type="0" />
				<Option compiler="armelfgcc" />
				<Compiler>
					<Add option="-mfpu=neon" />
					<Add option="-mfloat-abi=softfp" />
					<Add option="-DMOBILE_DEVICE" />
					<Add option="-DARMCPU" />
					<Add option="-DPANDORA" />
					<Add directory="$(#pandora_sdk.include)" />
					<Add directory="$(#pandora_sdk.include)/SDL" />
				</Compiler>
				<Linker>
					<Add option="-lSDL_net" />
					<Add option="-ldl" />
					<Add option="-lpthread" />
					<Add option="-lfreetype" />
					<Add option="-lpng" />
					<Add option="-lz" />
					<Add option="-lts" />
					<Add directory="$(#pandora_sdk.lib)" />
				</Linker>
			</Target>
			<Target title="Testnet Server (Win x86)">
				<Option output="bin/W32/testnet_server" prefix_auto="1" extension_auto="1" />
				<Option object_output="obj/W32/" />
				<Option type="1" />
				<Option compiler="gcc" />
				<Option use_console_runner="0" />
				<Option projectLinkerOptionsRelation="2" />
				<Compiler>
					<Add option="-DX86CPU" />
					<Add option="-DBUILDING_DLL" />
					<Add directory="$(#mingw.include)" />
					<Add directory="$(#mingw.include)/SDL" />
				</Compiler>
				<Linker>
					<Add option="-lmingw32" />
					<Add option="-lSDLmain" />
					<Add option="-lSDL_net" />
					<Add directory="$(#mingw.lib)" />
				</Linker>
			</Target>
			<Target title="Testnet Server (Pandora)">
				<Option output="bin/Pandora/testnet_server" prefix_auto="1" extension_auto="0" />
				<Option object_output="obj/Pandora/" />
				<Option type="1" />
				<Option compiler="armelfgcc" />
				<Option use_console_runner="0" />
				<Compiler>
					<Add option="-mfpu=neon" />
					<Add option="-mfloat-abi=softfp" />
					<Add option="-DMOBILE_DEVICE" />
					<Add option="-DARMCPU" />
					<Add option="-DPANDORA" />
					<Add directory="$(#pandora_sdk.include)" />
					<Add directory="$(#pandora_sdk.include)/SDL" />
				</Compiler>
				<Linker>
					<Add option="-lSDL_net" />
					<Add option="-ldl" />
					<Add option="-lpthread" />
					<Add option="-lfreetype" />
					<Add option="-lpng" />
					<Add option="-lz" />
					<Add option="-lts" />
					<Add directory="$(#pandora_sdk.lib)" />
				</Linker>
			</Target>
			<Target title="Testnet Client (Win x86)">
				<Option output="bin/W32/testnet_client" prefix_auto="1" extension_auto="1" />
				<Option object_output="obj/W32/" />
				<Option type="1" />
				<Option compiler="gcc" />
				<Option use_console_runner="0" />
				<Option projectLinkerOptionsRelation="2" />
				<Compiler>
					<Add option="-DX86CPU" />
					<Add option="-DBUILDING_DLL" />
					<Add directory="$(#mingw.include)" />
					<Add directory="$(#mingw.include)/SDL" />
				</Compiler>
				<Linker>
					<Add option="-lmingw32" />
					<Add option="-lSDLmain" />
					<Add option="-lSDL_net" />
					<Add directory="$(#mingw.lib)" />
				</Linker>
			</Target>
			<Target title="Testnet Client (Pandora)">
				<Option output="bin/Pandora/testnet_client" prefix_auto="1" extension_auto="0" />
				<Option object_output="obj/Pandora/" />
				<Option type="1" />
				<Option compiler="armelfgcc" />
				<Option use_console_runner="0" />
				<Compiler>
					<Add option="-mfpu=neon" />
					<Add option="-mfloat-abi=softfp" />
					<Add option="-DMOBILE_DEVICE" />
					<Add option="-DARMCPU" />
					<Add option="-DPANDORA" />
					<Add directory="$(#pandora_sdk.include)" />
					<Add directory="$(#pandora_sdk.include)/SDL" />
				</Compiler>
				<Linker>
					<Add option="-lSDL_net" />
					<Add option="-ldl" />
					<Add option="-lpthread" />
					<Add option="-lfreetype" />
					<Add option="-lpng" />
					<Add option="-lz" />
					<Add option="-lts" />
					<Add directory="$(#pandora_sdk.lib)" />
				</Linker>
			</Target>
			<Target title="Testreal3d (Win x86)">
				<Option output="bin/W32/testreal3d" prefix_auto="1" extension_auto="1" />
				<Option object_output="obj/W32/" />
				<Option type="1" />
				<Option compiler="gcc" />
				<Option use_console_runner="0" />
				<Option projectLinkerOptionsRelation="2" />
				<Compiler>
					<Add option="-DX86CPU" />
					<Add option="-DBUILDING_DLL" />
					<Add directory="$(#mingw.include)" />
					<Add directory="$(#mingw.include)/SDL" />
				</Compiler>
				<Linker>
					<Add option="-lmingw32" />
					<Add option="-lSDLmain" />
					<Add directory="$(#mingw.lib)" />
				</Linker>
			</Target>
			<Target title="Testreal3d (Pandora)">
				<Option output="bin/Pandora/testreal3d" prefix_auto="1" extension_auto="0" />
				<Option object_output="obj/Pandora/" />
				<Option type="1" />
				<Option compiler="armelfgcc" />
				<Option use_console_runner="0" />
				<Compiler>
					<Add option="-mfpu=neon" />
					<Add option="-mfloat-abi=softfp" />
					<Add option="-DMOBILE_DEVICE" />
					<Add option="-DARMCPU" />
					<Add option="-DPANDORA" />
					<Add directory="$(#pandora_sdk.include)" />
					<Add directory="$(#pandora_sdk.include)/SDL" />
				</Compiler>
				<Linker>
					<Add option="-ldl" />
					<Add option="-lpthread" />
					<Add option="-lfreetype" />
					<Add option="-lpng" />
					<Add option="-lz" />
					<Add option="-lts" />
					<Add directory="$(#pandora_sdk.lib)" />
				</Linker>
			</Target>
		</Build>
		<Compiler>
			<Add option="-ffast-math" />
			<Add option="-fgcse-sm" />
			<Add option="-fsched-spec-load" />
			<Add option="-fmodulo-sched" />
			<Add option="-fgcse-las" />
			<Add option="-ftracer" />
			<Add option="-funsafe-loop-optimizations" />
			<Add option="-Wunsafe-loop-optimizations" />
			<Add option="-fvariable-expansion-in-unroller" />
			<Add option="-DSDL_INCLUDE_SUBDIR" />
			<Add directory="." />
		</Compiler>
		<Linker>
			<Add option="-lSDL_ttf" />
			<Add option="-lSDL_image" />
			<Add option="-lSDL" />
		</Linker>
		<Unit filename="Makefile">
			<Option target="&lt;{~None~}&gt;" />
		</Unit>
		<Unit filename="sparrowCore.c">
			<Option compilerVar="CC" />
			<Option target="Sparrow (Win x86)" />
			<Option target="Sparrow (Pandora)" />
			<Option target="Testsparrow (Win x86)" />
			<Option target="Testsparrow (Pandora)" />
			<Option target="Debug Library (Win x86)" />
			<Option target="Debug Library (Pandora)" />
			<Option target="Testnet (Win x86)" />
			<Option target="Testnet (Pandora)" />
			<Option target="Testnet Server (Win x86)" />
			<Option target="Testnet Server (Pandora)" />
			<Option target="Testnet Client (Win x86)" />
			<Option target="Testnet Client (Pandora)" />
			<Option target="Testreal3d (Win x86)" />
			<Option target="Testreal3d (Pandora)" />
		</Unit>
		<Unit filename="sparrowCore.h">
			<Option target="Sparrow (Win x86)" />
			<Option target="Sparrow (Pandora)" />
			<Option target="Testsparrow (Win x86)" />
			<Option target="Testsparrow (Pandora)" />
			<Option target="Debug Library (Win x86)" />
			<Option target="Debug Library (Pandora)" />
			<Option target="Testnet (Win x86)" />
			<Option target="Testnet (Pandora)" />
			<Option target="Testnet Server (Win x86)" />
			<Option target="Testnet Server (Pandora)" />
			<Option target="Testnet Client (Win x86)" />
			<Option target="Testnet Client (Pandora)" />
			<Option target="Testreal3d (Win x86)" />
			<Option target="Testreal3d (Pandora)" />
		</Unit>
		<Unit filename="sparrowDefines.h">
			<Option target="Sparrow (Win x86)" />
			<Option target="Sparrow (Pandora)" />
			<Option target="Testsparrow (Win x86)" />
			<Option target="Testsparrow (Pandora)" />
			<Option target="Testfile (Win x86)" />
			<Option target="Testfile (Pandora)" />
			<Option target="Debug Library (Win x86)" />
			<Option target="Debug Library (Pandora)" />
			<Option target="Testnet (Win x86)" />
			<Option target="Testnet (Pandora)" />
			<Option target="Testnet Server (Win x86)" />
			<Option target="Testnet Server (Pandora)" />
			<Option target="Testnet Client (Win x86)" />
			<Option target="Testnet Client (Pandora)" />
			<Option target="Testreal3d (Win x86)" />
			<Option target="Testreal3d (Pandora)" />
		</Unit>
		<Unit filename="sparrowFile.c">
			<Option compilerVar="CC" />
			<Option target="Sparrow (Win x86)" />
			<Option target="Sparrow (Pandora)" />
			<Option target="Testsparrow (Win x86)" />
			<Option target="Testsparrow (Pandora)" />
			<Option target="Testfile (Win x86)" />
			<Option target="Testfile (Pandora)" />
			<Option target="Debug Library (Win x86)" />
			<Option target="Debug Library (Pandora)" />
			<Option target="Testnet (Win x86)" />
			<Option target="Testnet (Pandora)" />
			<Option target="Testnet Server (Win x86)" />
			<Option target="Testnet Server (Pandora)" />
			<Option target="Testnet Client (Win x86)" />
			<Option target="Testnet Client (Pandora)" />
			<Option target="Testreal3d (Win x86)" />
			<Option target="Testreal3d (Pandora)" />
		</Unit>
		<Unit filename="sparrowFile.h">
			<Option target="Sparrow (Win x86)" />
			<Option target="Sparrow (Pandora)" />
			<Option target="Testsparrow (Win x86)" />
			<Option target="Testsparrow (Pandora)" />
			<Option target="Testfile (Win x86)" />
			<Option target="Testfile (Pandora)" />
			<Option target="Debug Library (Win x86)" />
			<Option target="Debug Library (Pandora)" />
			<Option target="Testnet (Win x86)" />
			<Option target="Testnet (Pandora)" />
			<Option target="Testnet Server (Win x86)" />
			<Option target="Testnet Server (Pandora)" />
			<Option target="Testnet Client (Win x86)" />
			<Option target="Testnet Client (Pandora)" />
			<Option target="Testreal3d (Win x86)" />
			<Option target="Testreal3d (Pandora)" />
		</Unit>
		<Unit filename="sparrowFont.c">
			<Option compilerVar="CC" />
			<Option target="Sparrow (Win x86)" />
			<Option target="Sparrow (Pandora)" />
			<Option target="Testsparrow (Win x86)" />
			<Option target="Testsparrow (Pandora)" />
			<Option target="Debug Library (Win x86)" />
			<Option target="Debug Library (Pandora)" />
			<Option target="Testnet (Win x86)" />
			<Option target="Testnet (Pandora)" />
			<Option target="Testnet Server (Win x86)" />
			<Option target="Testnet Server (Pandora)" />
			<Option target="Testnet Client (Win x86)" />
			<Option target="Testnet Client (Pandora)" />
			<Option target="Testreal3d (Win x86)" />
			<Option target="Testreal3d (Pandora)" />
		</Unit>
		<Unit filename="sparrowFont.h">
			<Option target="Sparrow (Win x86)" />
			<Option target="Sparrow (Pandora)" />
			<Option target="Testsparrow (Win x86)" />
			<Option target="Testsparrow (Pandora)" />
			<Option target="Debug Library (Win x86)" />
			<Option target="Debug Library (Pandora)" />
			<Option target="Testnet (Win x86)" />
			<Option target="Testnet (Pandora)" />
			<Option target="Testnet Server (Win x86)" />
			<Option target="Testnet Server (Pandora)" />
			<Option target="Testnet Client (Win x86)" />
			<Option target="Testnet Client (Pandora)" />
			<Option target="Testreal3d (Win x86)" />
			<Option target="Testreal3d (Pandora)" />
		</Unit>
		<Unit filename="sparrowMapping.c">
			<Option compilerVar="CC" />
			<Option target="Sparrow (Win x86)" />
			<Option target="Sparrow (Pandora)" />
			<Option target="Debug Library (Win x86)" />
			<Option target="Debug Library (Pandora)" />
			<Option target="Testsparrow (Win x86)" />
			<Option target="Testsparrow (Pandora)" />
			<Option target="Testnet (Win x86)" />
			<Option target="Testnet (Pandora)" />
			<Option target="Testnet Server (Win x86)" />
			<Option target="Testnet Server (Pandora)" />
			<Option target="Testnet Client (Win x86)" />
			<Option target="Testnet Client (Pandora)" />
			<Option target="Testreal3d (Win x86)" />
			<Option target="Testreal3d (Pandora)" />
		</Unit>
		<Unit filename="sparrowMapping.h">
			<Option target="Sparrow (Win x86)" />
			<Option target="Sparrow (Pandora)" />
			<Option target="Debug Library (Win x86)" />
			<Option target="Debug Library (Pandora)" />
			<Option target="Testsparrow (Win x86)" />
			<Option target="Testsparrow (Pandora)" />
			<Option target="Testnet (Win x86)" />
			<Option target="Testnet (Pandora)" />
			<Option target="Testnet Server (Win x86)" />
			<Option target="Testnet Server (Pandora)" />
			<Option target="Testnet Client (Win x86)" />
			<Option target="Testnet Client (Pandora)" />
			<Option target="Testreal3d (Win x86)" />
			<Option target="Testreal3d (Pandora)" />
		</Unit>
		<Unit filename="sparrowMath.c">
			<Option compilerVar="CC" />
			<Option target="Sparrow (Win x86)" />
			<Option target="Sparrow (Pandora)" />
			<Option target="Testsparrow (Win x86)" />
			<Option target="Testsparrow (Pandora)" />
			<Option target="Debug Library (Win x86)" />
			<Option target="Debug Library (Pandora)" />
			<Option target="Testnet (Win x86)" />
			<Option target="Testnet (Pandora)" />
			<Option target="Testnet Server (Win x86)" />
			<Option target="Testnet Server (Pandora)" />
			<Option target="Testnet Client (Win x86)" />
			<Option target="Testnet Client (Pandora)" />
			<Option target="Testreal3d (Win x86)" />
			<Option target="Testreal3d (Pandora)" />
		</Unit>
		<Unit filename="sparrowMath.h">
			<Option target="Sparrow (Win x86)" />
			<Option target="Sparrow (Pandora)" />
			<Option target="Testsparrow (Win x86)" />
			<Option target="Testsparrow (Pandora)" />
			<Option target="Debug Library (Win x86)" />
			<Option target="Debug Library (Pandora)" />
			<Option target="Testnet (Win x86)" />
			<Option target="Testnet (Pandora)" />
			<Option target="Testnet Server (Win x86)" />
			<Option target="Testnet Server (Pandora)" />
			<Option target="Testnet Client (Win x86)" />
			<Option target="Testnet Client (Pandora)" />
			<Option target="Testreal3d (Win x86)" />
			<Option target="Testreal3d (Pandora)" />
		</Unit>
		<Unit filename="sparrowMesh.c">
			<Option compilerVar="CC" />
			<Option target="Sparrow (Win x86)" />
			<Option target="Sparrow (Pandora)" />
			<Option target="Testsparrow (Win x86)" />
			<Option target="Testsparrow (Pandora)" />
			<Option target="Debug Library (Win x86)" />
			<Option target="Debug Library (Pandora)" />
		</Unit>
		<Unit filename="sparrowMesh.h">
			<Option target="Sparrow (Win x86)" />
			<Option target="Sparrow (Pandora)" />
			<Option target="Testsparrow (Win x86)" />
			<Option target="Testsparrow (Pandora)" />
			<Option target="Debug Library (Win x86)" />
			<Option target="Debug Library (Pandora)" />
		</Unit>
		<Unit filename="sparrowNet.c">
			<Option compilerVar="CC" />
			<Option target="Net (Win x86)" />
			<Option target="Net (Pandora)" />
			<Option target="Debug Library (Pandora)" />
			<Option target="Debug Library (Win x86)" />
			<Option target="Testnet (Win x86)" />
			<Option target="Testnet (Pandora)" />
			<Option target="Testnet Client (Pandora)" />
			<Option target="Testnet Client (Win x86)" />
			<Option target="Testnet Server (Pandora)" />
			<Option target="Testnet Server (Win x86)" />
		</Unit>
		<Unit filename="sparrowNet.h">
			<Option target="Net (Win x86)" />
			<Option target="Net (Pandora)" />
			<Option target="Debug Library (Pandora)" />
			<Option target="Debug Library (Win x86)" />
			<Option target="Testnet (Win x86)" />
			<Option target="Testnet (Pandora)" />
			<Option target="Testnet Client (Pandora)" />
			<Option target="Testnet Client (Win x86)" />
			<Option target="Testnet Server (Pandora)" />
			<Option target="Testnet Server (Win x86)" />
		</Unit>
		<Unit filename="sparrowParticles.c">
			<Option compilerVar="CC" />
			<Option target="Sparrow (Win x86)" />
			<Option target="Sparrow (Pandora)" />
			<Option target="Debug Library (Win x86)" />
			<Option target="Debug Library (Pandora)" />
			<Option target="Testsparrow (Win x86)" />
			<Option target="Testsparrow (Pandora)" />
		</Unit>
		<Unit filename="sparrowParticles.h">
			<Option target="Sparrow (Win x86)" />
			<Option target="Sparrow (Pandora)" />
			<Option target="Debug Library (Win x86)" />
			<Option target="Debug Library (Pandora)" />
			<Option target="Testsparrow (Win x86)" />
			<Option target="Testsparrow (Pandora)" />
		</Unit>
		<Unit filename="sparrowPrimitives.c">
			<Option compilerVar="CC" />
			<Option target="Sparrow (Win x86)" />
			<Option target="Sparrow (Pandora)" />
			<Option target="Testsparrow (Win x86)" />
			<Option target="Testsparrow (Pandora)" />
			<Option target="Debug Library (Win x86)" />
			<Option target="Debug Library (Pandora)" />
			<Option target="Testnet (Win x86)" />
			<Option target="Testnet (Pandora)" />
			<Option target="Testnet Server (Win x86)" />
			<Option target="Testnet Server (Pandora)" />
			<Option target="Testnet Client (Win x86)" />
			<Option target="Testnet Client (Pandora)" />
			<Option target="Testreal3d (Win x86)" />
			<Option target="Testreal3d (Pandora)" />
		</Unit>
		<Unit filename="sparrowPrimitives.h">
			<Option target="Sparrow (Win x86)" />
			<Option target="Sparrow (Pandora)" />
			<Option target="Testsparrow (Win x86)" />
			<Option target="Testsparrow (Pandora)" />
			<Option target="Debug Library (Win x86)" />
			<Option target="Debug Library (Pandora)" />
			<Option target="Testnet (Win x86)" />
			<Option target="Testnet (Pandora)" />
			<Option target="Testnet Server (Win x86)" />
			<Option target="Testnet Server (Pandora)" />
			<Option target="Testnet Client (Win x86)" />
			<Option target="Testnet Client (Pandora)" />
			<Option target="Testreal3d (Win x86)" />
			<Option target="Testreal3d (Pandora)" />
		</Unit>
		<Unit filename="sparrowPrimitivesAsm.c">
			<Option compilerVar="CC" />
			<Option target="Sparrow (Win x86)" />
			<Option target="Sparrow (Pandora)" />
			<Option target="Testsparrow (Win x86)" />
			<Option target="Testsparrow (Pandora)" />
			<Option target="Debug Library (Win x86)" />
			<Option target="Debug Library (Pandora)" />
		</Unit>
		<Unit filename="sparrowRenderer.c">
			<Option compilerVar="CC" />
			<Option target="Sparrow (Win x86)" />
			<Option target="Sparrow (Pandora)" />
			<Option target="Testsparrow (Win x86)" />
			<Option target="Testsparrow (Pandora)" />
			<Option target="Debug Library (Win x86)" />
			<Option target="Debug Library (Pandora)" />
			<Option target="Testnet (Pandora)" />
			<Option target="Testnet (Win x86)" />
			<Option target="Testnet Server (Win x86)" />
			<Option target="Testnet Client (Win x86)" />
			<Option target="Testnet Client (Pandora)" />
			<Option target="Testreal3d (Win x86)" />
			<Option target="Testreal3d (Pandora)" />
		</Unit>
		<Unit filename="sparrowRenderer.h">
			<Option target="Sparrow (Win x86)" />
			<Option target="Sparrow (Pandora)" />
			<Option target="Testsparrow (Win x86)" />
			<Option target="Testsparrow (Pandora)" />
			<Option target="Debug Library (Win x86)" />
			<Option target="Debug Library (Pandora)" />
			<Option target="Testnet (Pandora)" />
			<Option target="Testnet (Win x86)" />
			<Option target="Testnet Server (Win x86)" />
			<Option target="Testnet Client (Win x86)" />
			<Option target="Testnet Client (Pandora)" />
			<Option target="Testreal3d (Win x86)" />
			<Option target="Testreal3d (Pandora)" />
		</Unit>
		<Unit filename="sparrowSound.c">
			<Option compilerVar="CC" />
			<Option target="Sound (Win x86)" />
			<Option target="Sound (Pandora)" />
			<Option target="Debug Library (Pandora)" />
			<Option target="Debug Library (Win x86)" />
		</Unit>
		<Unit filename="sparrowSound.h">
			<Option target="Sound (Win x86)" />
			<Option target="Sound (Pandora)" />
			<Option target="Debug Library (Pandora)" />
			<Option target="Debug Library (Win x86)" />
		</Unit>
		<Unit filename="sparrowSprite.c">
			<Option compilerVar="CC" />
			<Option target="Sparrow (Win x86)" />
			<Option target="Sparrow (Pandora)" />
			<Option target="Testsparrow (Win x86)" />
			<Option target="Testsparrow (Pandora)" />
			<Option target="Debug Library (Win x86)" />
			<Option target="Debug Library (Pandora)" />
		</Unit>
		<Unit filename="sparrowSprite.h">
			<Option target="Sparrow (Win x86)" />
			<Option target="Sparrow (Pandora)" />
			<Option target="Testsparrow (Win x86)" />
			<Option target="Testsparrow (Pandora)" />
			<Option target="Debug Library (Win x86)" />
			<Option target="Debug Library (Pandora)" />
		</Unit>
		<Unit filename="sparrowText.c">
			<Option compilerVar="CC" />
			<Option target="Sparrow (Win x86)" />
			<Option target="Sparrow (Pandora)" />
			<Option target="Testsparrow (Win x86)" />
			<Option target="Testsparrow (Pandora)" />
			<Option target="Debug Library (Win x86)" />
			<Option target="Debug Library (Pandora)" />
		</Unit>
		<Unit filename="sparrowText.h">
			<Option target="Sparrow (Win x86)" />
			<Option target="Sparrow (Pandora)" />
			<Option target="Testsparrow (Win x86)" />
			<Option target="Testsparrow (Pandora)" />
			<Option target="Debug Library (Win x86)" />
			<Option target="Debug Library (Pandora)" />
		</Unit>
		<Unit filename="test_cube.c">
			<Option compilerVar="CC" />
			<Option target="Testsparrow (Win x86)" />
			<Option target="Testsparrow (Pandora)" />
		</Unit>
		<Unit filename="test_cube.h">
			<Option target="Testsparrow (Win x86)" />
			<Option target="Testsparrow (Pandora)" />
		</Unit>
		<Unit filename="test_fill.c">
			<Option compilerVar="CC" />
			<Option target="Testsparrow (Win x86)" />
			<Option target="Testsparrow (Pandora)" />
		</Unit>
		<Unit filename="test_fill.h">
			<Option target="Testsparrow (Win x86)" />
			<Option target="Testsparrow (Pandora)" />
		</Unit>
		<Unit filename="test_gears.c">
			<Option compilerVar="CC" />
			<Option target="Testsparrow (Win x86)" />
			<Option target="Testsparrow (Pandora)" />
		</Unit>
		<Unit filename="test_gears.h">
			<Option target="Testsparrow (Win x86)" />
			<Option target="Testsparrow (Pandora)" />
		</Unit>
		<Unit filename="test_mapping.c">
			<Option compilerVar="CC" />
			<Option target="Testsparrow (Win x86)" />
			<Option target="Testsparrow (Pandora)" />
		</Unit>
		<Unit filename="test_mapping.h">
			<Option target="Testsparrow (Win x86)" />
			<Option target="Testsparrow (Pandora)" />
		</Unit>
		<Unit filename="test_mesh.c">
			<Option compilerVar="CC" />
			<Option target="Testsparrow (Win x86)" />
			<Option target="Testsparrow (Pandora)" />
		</Unit>
		<Unit filename="test_mesh.h">
			<Option target="Testsparrow (Win x86)" />
			<Option target="Testsparrow (Pandora)" />
		</Unit>
		<Unit filename="test_primitives.c">
			<Option compilerVar="CC" />
			<Option target="Testsparrow (Win x86)" />
			<Option target="Testsparrow (Pandora)" />
		</Unit>
		<Unit filename="test_primitives.h">
			<Option target="Testsparrow (Win x86)" />
			<Option target="Testsparrow (Pandora)" />
		</Unit>
		<Unit filename="test_sprites.c">
			<Option compilerVar="CC" />
			<Option target="Testsparrow (Win x86)" />
			<Option target="Testsparrow (Pandora)" />
		</Unit>
		<Unit filename="test_sprites.h">
			<Option target="Testsparrow (Win x86)" />
			<Option target="Testsparrow (Pandora)" />
		</Unit>
		<Unit filename="test_target.c">
			<Option compilerVar="CC" />
			<Option target="Testsparrow (Win x86)" />
			<Option target="Testsparrow (Pandora)" />
		</Unit>
		<Unit filename="test_target.h">
			<Option target="Testsparrow (Win x86)" />
			<Option target="Testsparrow (Pandora)" />
		</Unit>
		<Unit filename="test_text.c">
			<Option compilerVar="CC" />
			<Option target="Testsparrow (Win x86)" />
			<Option target="Testsparrow (Pandora)" />
		</Unit>
		<Unit filename="test_text.h">
			<Option target="Testsparrow (Win x86)" />
			<Option target="Testsparrow (Pandora)" />
		</Unit>
		<Unit filename="test_tube.c">
			<Option compilerVar="CC" />
			<Option target="Testsparrow (Win x86)" />
			<Option target="Testsparrow (Pandora)" />
		</Unit>
		<Unit filename="test_tube.h">
			<Option target="Testsparrow (Win x86)" />
			<Option target="Testsparrow (Pandora)" />
		</Unit>
		<Unit filename="test_yinyang.c">
			<Option compilerVar="CC" />
			<Option target="Testsparrow (Win x86)" />
			<Option target="Testsparrow (Pandora)" />
		</Unit>
		<Unit filename="test_yinyang.h">
			<Option target="Testsparrow (Win x86)" />
			<Option target="Testsparrow (Pandora)" />
		</Unit>
		<Unit filename="testfile.c">
			<Option compilerVar="CC" />
			<Option target="Testfile (Win x86)" />
			<Option target="Testfile (Pandora)" />
		</Unit>
		<Unit filename="testnet.c">
			<Option compilerVar="CC" />
			<Option target="Testnet (Win x86)" />
			<Option target="Testnet (Pandora)" />
		</Unit>
		<Unit filename="testnet_terminal_client.c">
			<Option compilerVar="CC" />
			<Option target="Testnet Client (Win x86)" />
			<Option target="Testnet Client (Pandora)" />
		</Unit>
		<Unit filename="testnet_terminal_server.c">
			<Option compilerVar="CC" />
			<Option target="Testnet Server (Win x86)" />
			<Option target="Testnet Server (Pandora)" />
		</Unit>
		<Unit filename="testreal3d.c">
			<Option compilerVar="CC" />
			<Option target="Testreal3d (Win x86)" />
			<Option target="Testreal3d (Pandora)" />
		</Unit>
		<Unit filename="testsparrow.c">
			<Option compilerVar="CC" />
			<Option target="Testsparrow (Pandora)" />
			<Option target="Testsparrow (Win x86)" />
		</Unit>
		<Extensions>
			<code_completion />
			<envvars />
			<debugger />
			<lib_finder disable_auto="1" />
		</Extensions>
	</Project>
</CodeBlocks_project_file>
