<?xml version="1.0" encoding="UTF-8" standalone="yes" ?>
<CodeBlocks_project_file>
	<FileVersion major="1" minor="6" />
	<Project>
		<Option title="sparrow3d" />
		<Option pch_mode="2" />
		<Option compiler="gcc" />
		<Build>
			<Target title="Sparrow (Win x86)">
				<Option output="bin/W32/libsparrow3d" prefix_auto="1" extension_auto="1" />
				<Option object_output="obj/W32/" />
				<Option type="3" />
				<Option compiler="gcc" />
				<Option createStaticLib="1" />
				<Option projectLinkerOptionsRelation="2" />
				<Compiler>
					<Add option="-O3" />
					<Add option="-DX86CPU" />
					<Add option="-DBUILDING_DLL" />
					<Add directory="$(#mingw.include)" />
					<Add directory="$(#mingw.include)/SDL" />
				</Compiler>
				<Linker>
					<Add option="-s" />
					<Add option="-lSDLmain" />
					<Add directory="$(#mingw.lib)" />
				</Linker>
			</Target>
			<Target title="Sparrow (Pandora)">
				<Option output="bin/Pandora/libsparrow3d.so" prefix_auto="1" extension_auto="0" />
				<Option object_output="obj/Pandora/" />
				<Option type="3" />
				<Option compiler="armelfgcc" />
				<Compiler>
					<Add option="-O3" />
					<Add option="-DMOBILE_DEVICE" />
					<Add option="-DARMCPU" />
					<Add option="-DPANDORA" />
					<Add directory="$(#pandora_sdk.include)" />
					<Add directory="$(#pandora_sdk.include)/SDL" />
				</Compiler>
				<Linker>
					<Add option="-s" />
					<Add option="-ldl" />
					<Add option="-lpthread" />
					<Add option="-lfreetype" />
					<Add option="-lpng" />
					<Add option="-lz" />
					<Add directory="$(#pandora_sdk.lib)" />
				</Linker>
			</Target>
			<Target title="Sound (Win x86)">
				<Option output="bin/W32/libsparrowSound" prefix_auto="1" extension_auto="1" />
				<Option object_output="obj/W32/" />
				<Option type="3" />
				<Option compiler="gcc" />
				<Option createStaticLib="1" />
				<Option projectLinkerOptionsRelation="2" />
				<Compiler>
					<Add option="-O3" />
					<Add option="-DX86CPU" />
					<Add option="-DBUILDING_DLL" />
					<Add directory="$(#mingw.include)" />
					<Add directory="$(#mingw.include)/SDL" />
				</Compiler>
				<Linker>
					<Add option="-s" />
					<Add option="-lSDLmain" />
					<Add option="-lSDL_mixer" />
					<Add directory="$(#mingw.lib)" />
				</Linker>
			</Target>
			<Target title="Sound (Pandora)">
				<Option output="bin/Pandora/libsparrowSound.so" prefix_auto="1" extension_auto="0" />
				<Option object_output="obj/Pandora/" />
				<Option type="3" />
				<Option compiler="armelfgcc" />
				<Compiler>
					<Add option="-O3" />
					<Add option="-DMOBILE_DEVICE" />
					<Add option="-DARMCPU" />
					<Add option="-DPANDORA" />
					<Add directory="$(#pandora_sdk.include)" />
					<Add directory="$(#pandora_sdk.include)/SDL" />
				</Compiler>
				<Linker>
					<Add option="-s" />
					<Add option="-lSDL_mixer" />
					<Add option="-ldl" />
					<Add option="-lpthread" />
					<Add option="-lfreetype" />
					<Add option="-lpng" />
					<Add option="-lz" />
					<Add directory="$(#pandora_sdk.lib)" />
				</Linker>
			</Target>
			<Target title="Net (Win x86)">
				<Option output="bin/W32/libsparrowNet" prefix_auto="1" extension_auto="1" />
				<Option object_output="obj/W32/" />
				<Option type="3" />
				<Option compiler="gcc" />
				<Option createStaticLib="1" />
				<Option projectLinkerOptionsRelation="2" />
				<Compiler>
					<Add option="-O3" />
					<Add option="-DX86CPU" />
					<Add option="-DBUILDING_DLL" />
					<Add directory="$(#mingw.include)" />
					<Add directory="$(#mingw.include)/SDL" />
				</Compiler>
				<Linker>
					<Add option="-s" />
					<Add option="-lSDLmain" />
					<Add option="-lSDL_net" />
					<Add directory="$(#mingw.lib)" />
				</Linker>
			</Target>
			<Target title="Net (Pandora)">
				<Option output="bin/Pandora/libsparrowNet.so" prefix_auto="1" extension_auto="0" />
				<Option object_output="obj/Pandora/" />
				<Option type="3" />
				<Option compiler="armelfgcc" />
				<Compiler>
					<Add option="-O3" />
					<Add option="-DMOBILE_DEVICE" />
					<Add option="-DARMCPU" />
					<Add option="-DPANDORA" />
					<Add directory="$(#pandora_sdk.include)" />
					<Add directory="$(#pandora_sdk.include)/SDL" />
				</Compiler>
				<Linker>
					<Add option="-s" />
					<Add option="-lSDL_net" />
					<Add option="-ldl" />
					<Add option="-lpthread" />
					<Add option="-lfreetype" />
					<Add option="-lpng" />
					<Add option="-lz" />
					<Add directory="$(#pandora_sdk.lib)" />
				</Linker>
			</Target>
			<Target title="Testsparrow (Win x86)">
				<Option output="bin/W32/testsparrow" prefix_auto="1" extension_auto="1" />
				<Option object_output="obj/W32/" />
				<Option type="0" />
				<Option compiler="gcc" />
				<Option projectLinkerOptionsRelation="2" />
				<Compiler>
					<Add option="-O3" />
					<Add option="-DX86CPU" />
					<Add option="-DBUILDING_DLL" />
					<Add directory="$(#mingw.include)" />
					<Add directory="$(#mingw.include)/SDL" />
				</Compiler>
				<Linker>
					<Add option="-s" />
					<Add option="-lmingw32" />
					<Add option="-lSDLmain" />
					<Add directory="$(#mingw.lib)" />
				</Linker>
			</Target>
			<Target title="Testsparrow (Pandora)">
				<Option output="bin/Pandora/testsparrow" prefix_auto="1" extension_auto="0" />
				<Option object_output="obj/Pandora/" />
				<Option type="0" />
				<Option compiler="armelfgcc" />
				<Compiler>
					<Add option="-O3" />
					<Add option="-DMOBILE_DEVICE" />
					<Add option="-DARMCPU" />
					<Add option="-DPANDORA" />
					<Add directory="$(#pandora_sdk.include)" />
					<Add directory="$(#pandora_sdk.include)/SDL" />
				</Compiler>
				<Linker>
					<Add option="-s" />
					<Add option="-ldl" />
					<Add option="-lpthread" />
					<Add option="-lfreetype" />
					<Add option="-lpng" />
					<Add option="-lz" />
					<Add option="-lts" />
					<Add directory="$(#pandora_sdk.lib)" />
				</Linker>
			</Target>
			<Target title="Testsprite (Win x86)">
				<Option output="bin/W32/testsprite" prefix_auto="1" extension_auto="1" />
				<Option object_output="obj/W32/" />
				<Option type="0" />
				<Option compiler="gcc" />
				<Option projectLinkerOptionsRelation="2" />
				<Compiler>
					<Add option="-O3" />
					<Add option="-DX86CPU" />
					<Add option="-DBUILDING_DLL" />
					<Add directory="$(#mingw.include)" />
					<Add directory="$(#mingw.include)/SDL" />
				</Compiler>
				<Linker>
					<Add option="-s" />
					<Add option="-lmingw32" />
					<Add option="-lSDLmain" />
					<Add directory="$(#mingw.lib)" />
				</Linker>
			</Target>
			<Target title="Testsprite (Pandora)">
				<Option output="bin/Pandora/testsprite" prefix_auto="1" extension_auto="0" />
				<Option object_output="obj/Pandora/" />
				<Option type="0" />
				<Option compiler="armelfgcc" />
				<Compiler>
					<Add option="-O3" />
					<Add option="-DMOBILE_DEVICE" />
					<Add option="-DARMCPU" />
					<Add option="-DPANDORA" />
					<Add directory="$(#pandora_sdk.include)" />
					<Add directory="$(#pandora_sdk.include)/SDL" />
				</Compiler>
				<Linker>
					<Add option="-s" />
					<Add option="-ldl" />
					<Add option="-lpthread" />
					<Add option="-lfreetype" />
					<Add option="-lpng" />
					<Add option="-lz" />
					<Add option="-lts" />
					<Add directory="$(#pandora_sdk.lib)" />
				</Linker>
			</Target>
			<Target title="Testtext (Win x86)">
				<Option output="bin/W32/testtext" prefix_auto="1" extension_auto="1" />
				<Option object_output="obj/W32/" />
				<Option type="1" />
				<Option compiler="gcc" />
				<Option projectLinkerOptionsRelation="2" />
				<Compiler>
					<Add option="-g" />
					<Add option="-DX86CPU" />
					<Add option="-DBUILDING_DLL" />
					<Add directory="$(#mingw.include)" />
					<Add directory="$(#mingw.include)/SDL" />
				</Compiler>
				<Linker>
					<Add option="-lmingw32" />
					<Add option="-lSDLmain" />
					<Add directory="$(#mingw.lib)" />
				</Linker>
			</Target>
			<Target title="Testtext (Pandora)">
				<Option output="bin/Pandora/testtext" prefix_auto="1" extension_auto="0" />
				<Option object_output="obj/Pandora/" />
				<Option type="1" />
				<Option compiler="armelfgcc" />
				<Compiler>
					<Add option="-O3" />
					<Add option="-DMOBILE_DEVICE" />
					<Add option="-DARMCPU" />
					<Add option="-DPANDORA" />
					<Add directory="$(#pandora_sdk.include)" />
					<Add directory="$(#pandora_sdk.include)/SDL" />
				</Compiler>
				<Linker>
					<Add option="-s" />
					<Add option="-ldl" />
					<Add option="-lpthread" />
					<Add option="-lfreetype" />
					<Add option="-lpng" />
					<Add option="-lz" />
					<Add option="-lts" />
					<Add directory="$(#pandora_sdk.lib)" />
				</Linker>
			</Target>
			<Target title="Testparallax (Win x86)">
				<Option output="bin/W32/testparallax" prefix_auto="1" extension_auto="1" />
				<Option object_output="obj/W32/" />
				<Option type="0" />
				<Option compiler="gcc" />
				<Option projectLinkerOptionsRelation="2" />
				<Compiler>
					<Add option="-O3" />
					<Add option="-DX86CPU" />
					<Add option="-DBUILDING_DLL" />
					<Add directory="$(#mingw.include)" />
					<Add directory="$(#mingw.include)/SDL" />
				</Compiler>
				<Linker>
					<Add option="-s" />
					<Add option="-lmingw32" />
					<Add option="-lSDLmain" />
					<Add directory="$(#mingw.lib)" />
				</Linker>
			</Target>
			<Target title="Testparallax (Pandora)">
				<Option output="bin/Pandora/testparallax" prefix_auto="1" extension_auto="0" />
				<Option object_output="obj/Pandora/" />
				<Option type="0" />
				<Option compiler="armelfgcc" />
				<Compiler>
					<Add option="-O3" />
					<Add option="-DMOBILE_DEVICE" />
					<Add option="-DARMCPU" />
					<Add option="-DPANDORA" />
					<Add directory="$(#pandora_sdk.include)" />
					<Add directory="$(#pandora_sdk.include)/SDL" />
				</Compiler>
				<Linker>
					<Add option="-s" />
					<Add option="-ldl" />
					<Add option="-lpthread" />
					<Add option="-lfreetype" />
					<Add option="-lpng" />
					<Add option="-lz" />
					<Add option="-lts" />
					<Add directory="$(#pandora_sdk.lib)" />
				</Linker>
			</Target>
			<Target title="Testtarget (Win x86)">
				<Option output="bin/W32/testtarget" prefix_auto="1" extension_auto="1" />
				<Option object_output="obj/W32/" />
				<Option type="0" />
				<Option compiler="gcc" />
				<Option projectLinkerOptionsRelation="2" />
				<Compiler>
					<Add option="-O3" />
					<Add option="-DX86CPU" />
					<Add option="-DBUILDING_DLL" />
					<Add directory="$(#mingw.include)" />
					<Add directory="$(#mingw.include)/SDL" />
				</Compiler>
				<Linker>
					<Add option="-s" />
					<Add option="-lmingw32" />
					<Add option="-lSDLmain" />
					<Add directory="$(#mingw.lib)" />
				</Linker>
			</Target>
			<Target title="Testtarget (Pandora)">
				<Option output="bin/Pandora/testtarget" prefix_auto="1" extension_auto="0" />
				<Option object_output="obj/Pandora/" />
				<Option type="0" />
				<Option compiler="armelfgcc" />
				<Compiler>
					<Add option="-O3" />
					<Add option="-DMOBILE_DEVICE" />
					<Add option="-DARMCPU" />
					<Add option="-DPANDORA" />
					<Add directory="$(#pandora_sdk.include)" />
					<Add directory="$(#pandora_sdk.include)/SDL" />
				</Compiler>
				<Linker>
					<Add option="-s" />
					<Add option="-ldl" />
					<Add option="-lpthread" />
					<Add option="-lfreetype" />
					<Add option="-lpng" />
					<Add option="-lz" />
					<Add option="-lts" />
					<Add directory="$(#pandora_sdk.lib)" />
				</Linker>
			</Target>
			<Target title="Testfile (Win x86)">
				<Option output="bin/W32/testfile" prefix_auto="1" extension_auto="1" />
				<Option object_output="obj/W32/" />
				<Option type="0" />
				<Option compiler="gcc" />
				<Option projectLinkerOptionsRelation="2" />
				<Compiler>
					<Add option="-Os" />
					<Add option="-DX86CPU" />
					<Add option="-DBUILDING_DLL" />
					<Add directory="$(#mingw.include)" />
					<Add directory="$(#mingw.include)/SDL" />
				</Compiler>
				<Linker>
					<Add option="-s" />
					<Add option="-lmingw32" />
					<Add option="-lSDLmain" />
					<Add directory="$(#mingw.lib)" />
				</Linker>
			</Target>
			<Target title="Testfile (Pandora)">
				<Option output="bin/Pandora/testfile" prefix_auto="1" extension_auto="0" />
				<Option object_output="obj/Pandora/" />
				<Option type="0" />
				<Option compiler="armelfgcc" />
				<Compiler>
					<Add option="-O3" />
					<Add option="-DMOBILE_DEVICE" />
					<Add option="-DARMCPU" />
					<Add option="-DPANDORA" />
					<Add directory="$(#pandora_sdk.include)" />
					<Add directory="$(#pandora_sdk.include)/SDL" />
				</Compiler>
				<Linker>
					<Add option="-s" />
					<Add option="-ldl" />
					<Add option="-lpthread" />
					<Add option="-lfreetype" />
					<Add option="-lpng" />
					<Add option="-lz" />
					<Add option="-lts" />
					<Add directory="$(#pandora_sdk.lib)" />
				</Linker>
			</Target>
		</Build>
		<Compiler>
			<Add option="-ffast-math" />
			<Add option="-fgcse-sm" />
			<Add option="-fsched-spec-load" />
			<Add option="-fmodulo-sched" />
			<Add option="-fgcse-las" />
			<Add option="-ftracer" />
			<Add option="-funsafe-loop-optimizations" />
			<Add option="-Wunsafe-loop-optimizations" />
			<Add option="-fvariable-expansion-in-unroller" />
			<Add option="-DSDL_INCLUDE_SUBDIR" />
			<Add directory="." />
		</Compiler>
		<Linker>
			<Add option="-lSDL_ttf" />
			<Add option="-lSDL_image" />
			<Add option="-lSDL" />
		</Linker>
		<Unit filename="Makefile">
			<Option target="&lt;{~None~}&gt;" />
		</Unit>
		<Unit filename="sparrowCore.c">
			<Option compilerVar="CC" />
			<Option target="Sparrow (Win x86)" />
			<Option target="Sparrow (Pandora)" />
			<Option target="Testsparrow (Win x86)" />
			<Option target="Testsparrow (Pandora)" />
			<Option target="Testsprite (Win x86)" />
			<Option target="Testsprite (Pandora)" />
			<Option target="Testtext (Win x86)" />
			<Option target="Testtext (Pandora)" />
			<Option target="Testparallax (Win x86)" />
			<Option target="Testparallax (Pandora)" />
			<Option target="Testtarget (Win x86)" />
			<Option target="Testtarget (Pandora)" />
			<Option target="Testfile (Win x86)" />
			<Option target="Testfile (Pandora)" />
		</Unit>
		<Unit filename="sparrowCore.h">
			<Option target="Sparrow (Win x86)" />
			<Option target="Sparrow (Pandora)" />
			<Option target="Testsparrow (Win x86)" />
			<Option target="Testsparrow (Pandora)" />
			<Option target="Testsprite (Win x86)" />
			<Option target="Testsprite (Pandora)" />
			<Option target="Testtext (Win x86)" />
			<Option target="Testtext (Pandora)" />
			<Option target="Testparallax (Win x86)" />
			<Option target="Testparallax (Pandora)" />
			<Option target="Testtarget (Win x86)" />
			<Option target="Testtarget (Pandora)" />
			<Option target="Testfile (Win x86)" />
			<Option target="Testfile (Pandora)" />
		</Unit>
		<Unit filename="sparrowDefines.h">
			<Option target="Sparrow (Win x86)" />
			<Option target="Sparrow (Pandora)" />
			<Option target="Testsparrow (Win x86)" />
			<Option target="Testsparrow (Pandora)" />
			<Option target="Testsprite (Win x86)" />
			<Option target="Testsprite (Pandora)" />
			<Option target="Testtext (Win x86)" />
			<Option target="Testtext (Pandora)" />
			<Option target="Testparallax (Win x86)" />
			<Option target="Testparallax (Pandora)" />
			<Option target="Testtarget (Win x86)" />
			<Option target="Testtarget (Pandora)" />
			<Option target="Testfile (Win x86)" />
			<Option target="Testfile (Pandora)" />
		</Unit>
		<Unit filename="sparrowFile.c">
			<Option compilerVar="CC" />
			<Option target="Sparrow (Win x86)" />
			<Option target="Sparrow (Pandora)" />
			<Option target="Testsparrow (Win x86)" />
			<Option target="Testsparrow (Pandora)" />
			<Option target="Testsprite (Win x86)" />
			<Option target="Testsprite (Pandora)" />
			<Option target="Testtext (Win x86)" />
			<Option target="Testtext (Pandora)" />
			<Option target="Testparallax (Win x86)" />
			<Option target="Testparallax (Pandora)" />
			<Option target="Testtarget (Win x86)" />
			<Option target="Testtarget (Pandora)" />
			<Option target="Testfile (Win x86)" />
			<Option target="Testfile (Pandora)" />
		</Unit>
		<Unit filename="sparrowFile.h">
			<Option target="Sparrow (Win x86)" />
			<Option target="Sparrow (Pandora)" />
			<Option target="Testsparrow (Win x86)" />
			<Option target="Testsparrow (Pandora)" />
			<Option target="Testsprite (Win x86)" />
			<Option target="Testsprite (Pandora)" />
			<Option target="Testtext (Win x86)" />
			<Option target="Testtext (Pandora)" />
			<Option target="Testparallax (Win x86)" />
			<Option target="Testparallax (Pandora)" />
			<Option target="Testtarget (Win x86)" />
			<Option target="Testtarget (Pandora)" />
			<Option target="Testfile (Win x86)" />
			<Option target="Testfile (Pandora)" />
		</Unit>
		<Unit filename="sparrowFont.c">
			<Option compilerVar="CC" />
			<Option target="Sparrow (Win x86)" />
			<Option target="Sparrow (Pandora)" />
			<Option target="Testsparrow (Win x86)" />
			<Option target="Testsparrow (Pandora)" />
			<Option target="Testsprite (Win x86)" />
			<Option target="Testsprite (Pandora)" />
			<Option target="Testtext (Win x86)" />
			<Option target="Testtext (Pandora)" />
			<Option target="Testparallax (Win x86)" />
			<Option target="Testparallax (Pandora)" />
			<Option target="Testtarget (Win x86)" />
			<Option target="Testtarget (Pandora)" />
			<Option target="Testfile (Win x86)" />
			<Option target="Testfile (Pandora)" />
		</Unit>
		<Unit filename="sparrowFont.h">
			<Option target="Sparrow (Win x86)" />
			<Option target="Sparrow (Pandora)" />
			<Option target="Testsparrow (Win x86)" />
			<Option target="Testsparrow (Pandora)" />
			<Option target="Testsprite (Win x86)" />
			<Option target="Testsprite (Pandora)" />
			<Option target="Testtext (Win x86)" />
			<Option target="Testtext (Pandora)" />
			<Option target="Testparallax (Win x86)" />
			<Option target="Testparallax (Pandora)" />
			<Option target="Testtarget (Win x86)" />
			<Option target="Testtarget (Pandora)" />
			<Option target="Testfile (Win x86)" />
			<Option target="Testfile (Pandora)" />
		</Unit>
		<Unit filename="sparrowMath.c">
			<Option compilerVar="CC" />
			<Option target="Sparrow (Win x86)" />
			<Option target="Sparrow (Pandora)" />
			<Option target="Testsparrow (Win x86)" />
			<Option target="Testsparrow (Pandora)" />
			<Option target="Testsprite (Win x86)" />
			<Option target="Testsprite (Pandora)" />
			<Option target="Testtext (Win x86)" />
			<Option target="Testtext (Pandora)" />
			<Option target="Testparallax (Win x86)" />
			<Option target="Testparallax (Pandora)" />
			<Option target="Testtarget (Win x86)" />
			<Option target="Testtarget (Pandora)" />
			<Option target="Testfile (Win x86)" />
			<Option target="Testfile (Pandora)" />
		</Unit>
		<Unit filename="sparrowMath.h">
			<Option target="Sparrow (Win x86)" />
			<Option target="Sparrow (Pandora)" />
			<Option target="Testsparrow (Win x86)" />
			<Option target="Testsparrow (Pandora)" />
			<Option target="Testsprite (Win x86)" />
			<Option target="Testsprite (Pandora)" />
			<Option target="Testtext (Win x86)" />
			<Option target="Testtext (Pandora)" />
			<Option target="Testparallax (Win x86)" />
			<Option target="Testparallax (Pandora)" />
			<Option target="Testtarget (Win x86)" />
			<Option target="Testtarget (Pandora)" />
			<Option target="Testfile (Win x86)" />
			<Option target="Testfile (Pandora)" />
		</Unit>
		<Unit filename="sparrowMesh.c">
			<Option compilerVar="CC" />
			<Option target="Sparrow (Win x86)" />
			<Option target="Sparrow (Pandora)" />
			<Option target="Testsparrow (Win x86)" />
			<Option target="Testsparrow (Pandora)" />
			<Option target="Testsprite (Win x86)" />
			<Option target="Testsprite (Pandora)" />
			<Option target="Testtext (Win x86)" />
			<Option target="Testtext (Pandora)" />
			<Option target="Testparallax (Win x86)" />
			<Option target="Testparallax (Pandora)" />
			<Option target="Testtarget (Win x86)" />
			<Option target="Testtarget (Pandora)" />
			<Option target="Testfile (Win x86)" />
			<Option target="Testfile (Pandora)" />
		</Unit>
		<Unit filename="sparrowMesh.h">
			<Option target="Sparrow (Win x86)" />
			<Option target="Sparrow (Pandora)" />
			<Option target="Testsparrow (Win x86)" />
			<Option target="Testsparrow (Pandora)" />
			<Option target="Testsprite (Win x86)" />
			<Option target="Testsprite (Pandora)" />
			<Option target="Testtext (Win x86)" />
			<Option target="Testtext (Pandora)" />
			<Option target="Testparallax (Win x86)" />
			<Option target="Testparallax (Pandora)" />
			<Option target="Testtarget (Win x86)" />
			<Option target="Testtarget (Pandora)" />
			<Option target="Testfile (Win x86)" />
			<Option target="Testfile (Pandora)" />
		</Unit>
		<Unit filename="sparrowNet.c">
			<Option compilerVar="CC" />
			<Option target="Net (Win x86)" />
			<Option target="Net (Pandora)" />
		</Unit>
		<Unit filename="sparrowNet.h">
			<Option target="Net (Win x86)" />
			<Option target="Net (Pandora)" />
		</Unit>
		<Unit filename="sparrowPrimitives.c">
			<Option compilerVar="CC" />
			<Option target="Sparrow (Win x86)" />
			<Option target="Sparrow (Pandora)" />
			<Option target="Testsparrow (Win x86)" />
			<Option target="Testsparrow (Pandora)" />
			<Option target="Testsprite (Win x86)" />
			<Option target="Testsprite (Pandora)" />
			<Option target="Testtext (Win x86)" />
			<Option target="Testtext (Pandora)" />
			<Option target="Testparallax (Win x86)" />
			<Option target="Testparallax (Pandora)" />
			<Option target="Testtarget (Win x86)" />
			<Option target="Testtarget (Pandora)" />
			<Option target="Testfile (Win x86)" />
			<Option target="Testfile (Pandora)" />
		</Unit>
		<Unit filename="sparrowPrimitives.h">
			<Option target="Sparrow (Win x86)" />
			<Option target="Sparrow (Pandora)" />
			<Option target="Testsparrow (Win x86)" />
			<Option target="Testsparrow (Pandora)" />
			<Option target="Testsprite (Win x86)" />
			<Option target="Testsprite (Pandora)" />
			<Option target="Testtext (Win x86)" />
			<Option target="Testtext (Pandora)" />
			<Option target="Testparallax (Win x86)" />
			<Option target="Testparallax (Pandora)" />
			<Option target="Testtarget (Win x86)" />
			<Option target="Testtarget (Pandora)" />
			<Option target="Testfile (Win x86)" />
			<Option target="Testfile (Pandora)" />
		</Unit>
		<Unit filename="sparrowPrimitivesAsm.c">
			<Option compilerVar="CC" />
			<Option target="Sparrow (Win x86)" />
			<Option target="Sparrow (Pandora)" />
			<Option target="Testsparrow (Win x86)" />
			<Option target="Testsparrow (Pandora)" />
			<Option target="Testsprite (Win x86)" />
			<Option target="Testsprite (Pandora)" />
			<Option target="Testtext (Win x86)" />
			<Option target="Testtext (Pandora)" />
			<Option target="Testparallax (Win x86)" />
			<Option target="Testparallax (Pandora)" />
			<Option target="Testtarget (Win x86)" />
			<Option target="Testtarget (Pandora)" />
			<Option target="Testfile (Win x86)" />
			<Option target="Testfile (Pandora)" />
		</Unit>
		<Unit filename="sparrowRenderer.c">
			<Option compilerVar="CC" />
			<Option target="Sparrow (Win x86)" />
			<Option target="Sparrow (Pandora)" />
			<Option target="Testsparrow (Win x86)" />
			<Option target="Testsparrow (Pandora)" />
			<Option target="Testsprite (Win x86)" />
			<Option target="Testsprite (Pandora)" />
			<Option target="Testtext (Win x86)" />
			<Option target="Testtext (Pandora)" />
			<Option target="Testparallax (Win x86)" />
			<Option target="Testparallax (Pandora)" />
			<Option target="Testtarget (Win x86)" />
			<Option target="Testtarget (Pandora)" />
			<Option target="Testfile (Win x86)" />
			<Option target="Testfile (Pandora)" />
		</Unit>
		<Unit filename="sparrowRenderer.h">
			<Option target="Sparrow (Win x86)" />
			<Option target="Sparrow (Pandora)" />
			<Option target="Testsparrow (Win x86)" />
			<Option target="Testsparrow (Pandora)" />
			<Option target="Testsprite (Win x86)" />
			<Option target="Testsprite (Pandora)" />
			<Option target="Testtext (Win x86)" />
			<Option target="Testtext (Pandora)" />
			<Option target="Testparallax (Win x86)" />
			<Option target="Testparallax (Pandora)" />
			<Option target="Testtarget (Win x86)" />
			<Option target="Testtarget (Pandora)" />
			<Option target="Testfile (Win x86)" />
			<Option target="Testfile (Pandora)" />
		</Unit>
		<Unit filename="sparrowSound.c">
			<Option compilerVar="CC" />
			<Option target="Sound (Win x86)" />
			<Option target="Sound (Pandora)" />
		</Unit>
		<Unit filename="sparrowSound.h">
			<Option target="Sound (Win x86)" />
			<Option target="Sound (Pandora)" />
		</Unit>
		<Unit filename="sparrowSprite.c">
			<Option compilerVar="CC" />
			<Option target="Sparrow (Win x86)" />
			<Option target="Sparrow (Pandora)" />
			<Option target="Testsparrow (Win x86)" />
			<Option target="Testsparrow (Pandora)" />
			<Option target="Testsprite (Win x86)" />
			<Option target="Testsprite (Pandora)" />
			<Option target="Testtext (Win x86)" />
			<Option target="Testtext (Pandora)" />
			<Option target="Testparallax (Win x86)" />
			<Option target="Testparallax (Pandora)" />
			<Option target="Testtarget (Win x86)" />
			<Option target="Testtarget (Pandora)" />
			<Option target="Testfile (Win x86)" />
			<Option target="Testfile (Pandora)" />
		</Unit>
		<Unit filename="sparrowSprite.h">
			<Option target="Sparrow (Win x86)" />
			<Option target="Sparrow (Pandora)" />
			<Option target="Testsparrow (Win x86)" />
			<Option target="Testsparrow (Pandora)" />
			<Option target="Testsprite (Win x86)" />
			<Option target="Testsprite (Pandora)" />
			<Option target="Testtext (Win x86)" />
			<Option target="Testtext (Pandora)" />
			<Option target="Testparallax (Win x86)" />
			<Option target="Testparallax (Pandora)" />
			<Option target="Testtarget (Win x86)" />
			<Option target="Testtarget (Pandora)" />
			<Option target="Testfile (Win x86)" />
			<Option target="Testfile (Pandora)" />
		</Unit>
		<Unit filename="sparrowText.c">
			<Option compilerVar="CC" />
			<Option target="Sparrow (Win x86)" />
			<Option target="Sparrow (Pandora)" />
			<Option target="Testsparrow (Win x86)" />
			<Option target="Testsparrow (Pandora)" />
			<Option target="Testsprite (Win x86)" />
			<Option target="Testsprite (Pandora)" />
			<Option target="Testtext (Win x86)" />
			<Option target="Testtext (Pandora)" />
			<Option target="Testparallax (Win x86)" />
			<Option target="Testparallax (Pandora)" />
			<Option target="Testtarget (Win x86)" />
			<Option target="Testtarget (Pandora)" />
			<Option target="Testfile (Win x86)" />
			<Option target="Testfile (Pandora)" />
		</Unit>
		<Unit filename="sparrowText.h">
			<Option target="Sparrow (Win x86)" />
			<Option target="Sparrow (Pandora)" />
			<Option target="Testsparrow (Win x86)" />
			<Option target="Testsparrow (Pandora)" />
			<Option target="Testsprite (Win x86)" />
			<Option target="Testsprite (Pandora)" />
			<Option target="Testtext (Win x86)" />
			<Option target="Testtext (Pandora)" />
			<Option target="Testparallax (Win x86)" />
			<Option target="Testparallax (Pandora)" />
			<Option target="Testtarget (Win x86)" />
			<Option target="Testtarget (Pandora)" />
			<Option target="Testfile (Win x86)" />
			<Option target="Testfile (Pandora)" />
		</Unit>
		<Unit filename="testfile.c">
			<Option compilerVar="CC" />
			<Option target="Testfile (Win x86)" />
			<Option target="Testfile (Pandora)" />
		</Unit>
		<Unit filename="testparallax.c">
			<Option compilerVar="CC" />
			<Option target="Testparallax (Pandora)" />
			<Option target="Testparallax (Win x86)" />
		</Unit>
		<Unit filename="testsparrow.c">
			<Option compilerVar="CC" />
			<Option target="Testsparrow (Pandora)" />
			<Option target="Testsparrow (Win x86)" />
		</Unit>
		<Unit filename="testsprite.c">
			<Option compilerVar="CC" />
			<Option target="Testsprite (Win x86)" />
			<Option target="Testsprite (Pandora)" />
		</Unit>
		<Unit filename="testtarget.c">
			<Option compilerVar="CC" />
			<Option target="Testparallax (Pandora)" />
			<Option target="Testtarget (Pandora)" />
			<Option target="Testtarget (Win x86)" />
		</Unit>
		<Unit filename="testtext.c">
			<Option compilerVar="CC" />
			<Option target="Testtext (Win x86)" />
			<Option target="Testtext (Pandora)" />
		</Unit>
		<Extensions>
			<code_completion />
			<envvars />
			<debugger />
			<lib_finder disable_auto="1" />
		</Extensions>
	</Project>
</CodeBlocks_project_file>
